
Microsoft Visual Studio Solution File, Format Version 12.00
# Visual Studio Version 16
VisualStudioVersion = 16.0.30804.86
MinimumVisualStudioVersion = 10.0.40219.1
Project("{FAE04EC0-301F-11D3-BF4B-00C04F79EFBC}") = "ARMS3", "ARMS3\ARMS3.csproj", "{75758AE7-ECAC-4AB9-8E15-C3451ABABBC7}"
EndProject
Project("{FAE04EC0-301F-11D3-BF4B-00C04F79EFBC}") = "ArmsMonitor", "ArmsMonitor\ArmsMonitor.csproj", "{0C28D3B6-2FAB-4C79-9DC3-7F30C6649BB7}"
EndProject
Project("{FAE04EC0-301F-11D3-BF4B-00C04F79EFBC}") = "ArmsApi", "ArmsApi\ArmsApi.csproj", "{A47C8EAE-CF1F-4CD0-8A5D-A193D974354B}"
EndProject
Project("{FAE04EC0-301F-11D3-BF4B-00C04F79EFBC}") = "ArmsMaintenance", "ArmsMaintenance\ArmsMaintenance.csproj", "{35231F9C-6134-43EA-99BE-D3C31777A10E}"
EndProject
Project("{FAE04EC0-301F-11D3-BF4B-00C04F79EFBC}") = "Oskas", "Oskas\Oskas.csproj", "{2F680F5E-EFEA-406B-A250-A52279B26263}"
EndProject
Project("{FAE04EC0-301F-11D3-BF4B-00C04F79EFBC}") = "Ovens", "Ovens\Ovens.csproj", "{91B75E7E-3492-43FA-B15F-96B749FAFB43}"
EndProject
Project("{FAE04EC0-301F-11D3-BF4B-00C04F79EFBC}") = "FileIF", "FileIF\FileIF.csproj", "{5EBC21F9-6AF1-4547-96FB-2D408A4B8486}"
EndProject
Project("{FAE04EC0-301F-11D3-BF4B-00C04F79EFBC}") = "ArmsWeb", "ArmsWeb\ArmsWeb.csproj", "{B06D2579-7C38-4CE4-A612-62C98FD59BB3}"
EndProject
Project("{FAE04EC0-301F-11D3-BF4B-00C04F79EFBC}") = "FIJsonBuilder", "FIJsonBuilder\FIJsonBuilder.csproj", "{70335CA4-317A-4E4B-9F41-E6B300725FC0}"
EndProject
Project("{FAE04EC0-301F-11D3-BF4B-00C04F79EFBC}") = "Samples", "Samples\Samples.csproj", "{B5CA4089-6CC0-4E31-B007-1E05C3B5FE72}"
EndProject
Project("{FAE04EC0-301F-11D3-BF4B-00C04F79EFBC}") = "ArmsWebApi", "ArmsWebApi\ArmsWebApi.csproj", "{9BF4ED69-2609-45A4-AF4D-6C55802F0AC3}"
EndProject
Global
	GlobalSection(SolutionConfigurationPlatforms) = preSolution
		Debug|Any CPU = Debug|Any CPU
		Release|Any CPU = Release|Any CPU
	EndGlobalSection
	GlobalSection(ProjectConfigurationPlatforms) = postSolution
		{75758AE7-ECAC-4AB9-8E15-C3451ABABBC7}.Debug|Any CPU.ActiveCfg = Debug|Any CPU
		{75758AE7-ECAC-4AB9-8E15-C3451ABABBC7}.Debug|Any CPU.Build.0 = Debug|Any CPU
		{75758AE7-ECAC-4AB9-8E15-C3451ABABBC7}.Release|Any CPU.ActiveCfg = Release|Any CPU
		{75758AE7-ECAC-4AB9-8E15-C3451ABABBC7}.Release|Any CPU.Build.0 = Release|Any CPU
		{0C28D3B6-2FAB-4C79-9DC3-7F30C6649BB7}.Debug|Any CPU.ActiveCfg = Debug|Any CPU
		{0C28D3B6-2FAB-4C79-9DC3-7F30C6649BB7}.Debug|Any CPU.Build.0 = Debug|Any CPU
		{0C28D3B6-2FAB-4C79-9DC3-7F30C6649BB7}.Release|Any CPU.ActiveCfg = Release|Any CPU
		{0C28D3B6-2FAB-4C79-9DC3-7F30C6649BB7}.Release|Any CPU.Build.0 = Release|Any CPU
		{A47C8EAE-CF1F-4CD0-8A5D-A193D974354B}.Debug|Any CPU.ActiveCfg = Debug|Any CPU
		{A47C8EAE-CF1F-4CD0-8A5D-A193D974354B}.Debug|Any CPU.Build.0 = Debug|Any CPU
		{A47C8EAE-CF1F-4CD0-8A5D-A193D974354B}.Release|Any CPU.ActiveCfg = Release|Any CPU
		{A47C8EAE-CF1F-4CD0-8A5D-A193D974354B}.Release|Any CPU.Build.0 = Release|Any CPU
		{35231F9C-6134-43EA-99BE-D3C31777A10E}.Debug|Any CPU.ActiveCfg = Debug|Any CPU
		{35231F9C-6134-43EA-99BE-D3C31777A10E}.Debug|Any CPU.Build.0 = Debug|Any CPU
		{35231F9C-6134-43EA-99BE-D3C31777A10E}.Release|Any CPU.ActiveCfg = Release|Any CPU
		{35231F9C-6134-43EA-99BE-D3C31777A10E}.Release|Any CPU.Build.0 = Release|Any CPU
		{2F680F5E-EFEA-406B-A250-A52279B26263}.Debug|Any CPU.ActiveCfg = Debug|Any CPU
		{2F680F5E-EFEA-406B-A250-A52279B26263}.Debug|Any CPU.Build.0 = Debug|Any CPU
		{2F680F5E-EFEA-406B-A250-A52279B26263}.Release|Any CPU.ActiveCfg = Release|Any CPU
		{2F680F5E-EFEA-406B-A250-A52279B26263}.Release|Any CPU.Build.0 = Release|Any CPU
		{91B75E7E-3492-43FA-B15F-96B749FAFB43}.Debug|Any CPU.ActiveCfg = Debug|Any CPU
		{91B75E7E-3492-43FA-B15F-96B749FAFB43}.Debug|Any CPU.Build.0 = Debug|Any CPU
		{91B75E7E-3492-43FA-B15F-96B749FAFB43}.Release|Any CPU.ActiveCfg = Release|Any CPU
		{91B75E7E-3492-43FA-B15F-96B749FAFB43}.Release|Any CPU.Build.0 = Release|Any CPU
		{5EBC21F9-6AF1-4547-96FB-2D408A4B8486}.Debug|Any CPU.ActiveCfg = Debug|Any CPU
		{5EBC21F9-6AF1-4547-96FB-2D408A4B8486}.Debug|Any CPU.Build.0 = Debug|Any CPU
		{5EBC21F9-6AF1-4547-96FB-2D408A4B8486}.Release|Any CPU.ActiveCfg = Release|Any CPU
		{5EBC21F9-6AF1-4547-96FB-2D408A4B8486}.Release|Any CPU.Build.0 = Release|Any CPU
		{B06D2579-7C38-4CE4-A612-62C98FD59BB3}.Debug|Any CPU.ActiveCfg = Debug|Any CPU
		{B06D2579-7C38-4CE4-A612-62C98FD59BB3}.Debug|Any CPU.Build.0 = Debug|Any CPU
		{B06D2579-7C38-4CE4-A612-62C98FD59BB3}.Release|Any CPU.ActiveCfg = Release|Any CPU
		{B06D2579-7C38-4CE4-A612-62C98FD59BB3}.Release|Any CPU.Build.0 = Release|Any CPU
		{70335CA4-317A-4E4B-9F41-E6B300725FC0}.Debug|Any CPU.ActiveCfg = Debug|Any CPU
		{70335CA4-317A-4E4B-9F41-E6B300725FC0}.Debug|Any CPU.Build.0 = Debug|Any CPU
		{70335CA4-317A-4E4B-9F41-E6B300725FC0}.Release|Any CPU.ActiveCfg = Release|Any CPU
		{70335CA4-317A-4E4B-9F41-E6B300725FC0}.Release|Any CPU.Build.0 = Release|Any CPU
		{B5CA4089-6CC0-4E31-B007-1E05C3B5FE72}.Debug|Any CPU.ActiveCfg = Debug|Any CPU
		{B5CA4089-6CC0-4E31-B007-1E05C3B5FE72}.Debug|Any CPU.Build.0 = Debug|Any CPU
		{B5CA4089-6CC0-4E31-B007-1E05C3B5FE72}.Release|Any CPU.ActiveCfg = Release|Any CPU
		{B5CA4089-6CC0-4E31-B007-1E05C3B5FE72}.Release|Any CPU.Build.0 = Release|Any CPU
		{9BF4ED69-2609-45A4-AF4D-6C55802F0AC3}.Debug|Any CPU.ActiveCfg = Debug|Any CPU
		{9BF4ED69-2609-45A4-AF4D-6C55802F0AC3}.Debug|Any CPU.Build.0 = Debug|Any CPU
		{9BF4ED69-2609-45A4-AF4D-6C55802F0AC3}.Release|Any CPU.ActiveCfg = Release|Any CPU
		{9BF4ED69-2609-45A4-AF4D-6C55802F0AC3}.Release|Any CPU.Build.0 = Release|Any CPU
	EndGlobalSection
	GlobalSection(SolutionProperties) = preSolution
		HideSolutionNode = FALSE
	EndGlobalSection
	GlobalSection(ExtensibilityGlobals) = postSolution
		SolutionGuid = {D94DC8FB-5255-4FEF-A3B5-0CBAC6B7C349}
	EndGlobalSection
EndGlobal
