
Microsoft Visual Studio Solution File, Format Version 10.00
# Visual Studio 2008
Project("{8BC9CEB8-8B4A-11D0-8D11-00A0C91BC942}") = "ElectBalance_JNver", "ElectBalance_JNver\ElectBalance_JNver.vcproj", "{684DD1CF-39F8-41CE-8015-994B2549EDCD}"
EndProject
Global
	GlobalSection(SolutionConfigurationPlatforms) = preSolution
		Debug|Win32 = Debug|Win32
		Release|Win32 = Release|Win32
	EndGlobalSection
	GlobalSection(ProjectConfigurationPlatforms) = postSolution
		{684DD1CF-39F8-41CE-8015-994B2549EDCD}.Debug|Win32.ActiveCfg = Debug|Win32
		{684DD1CF-39F8-41CE-8015-994B2549EDCD}.Debug|Win32.Build.0 = Debug|Win32
		{684DD1CF-39F8-41CE-8015-994B2549EDCD}.Release|Win32.ActiveCfg = Release|Win32
		{684DD1CF-39F8-41CE-8015-994B2549EDCD}.Release|Win32.Build.0 = Release|Win32
	EndGlobalSection
	GlobalSection(SolutionProperties) = preSolution
		HideSolutionNode = FALSE
	EndGlobalSection
EndGlobal
