
Microsoft Visual Studio Solution File, Format Version 12.00
# Visual Studio Version 16
VisualStudioVersion = 16.0.31229.75
MinimumVisualStudioVersion = 10.0.40219.1
Project("{FAE04EC0-301F-11D3-BF4B-00C04F79EFBC}") = "DB_Monitor", "DB_Monitor\DB_Monitor.csproj", "{F56B9EA6-6C03-4D27-A624-79BACE2EEE34}"
EndProject
Global
	GlobalSection(SolutionConfigurationPlatforms) = preSolution
		Debug|Any CPU = Debug|Any CPU
		Release|Any CPU = Release|Any CPU
	EndGlobalSection
	GlobalSection(ProjectConfigurationPlatforms) = postSolution
		{F56B9EA6-6C03-4D27-A624-79BACE2EEE34}.Debug|Any CPU.ActiveCfg = Debug|Any CPU
		{F56B9EA6-6C03-4D27-A624-79BACE2EEE34}.Debug|Any CPU.Build.0 = Debug|Any CPU
		{F56B9EA6-6C03-4D27-A624-79BACE2EEE34}.Release|Any CPU.ActiveCfg = Release|Any CPU
		{F56B9EA6-6C03-4D27-A624-79BACE2EEE34}.Release|Any CPU.Build.0 = Release|Any CPU
	EndGlobalSection
	GlobalSection(SolutionProperties) = preSolution
		HideSolutionNode = FALSE
	EndGlobalSection
	GlobalSection(ExtensibilityGlobals) = postSolution
		SolutionGuid = {7D892B55-1C1F-4B86-8C7D-A8B10F38C58F}
	EndGlobalSection
EndGlobal
