
Microsoft Visual Studio Solution File, Format Version 12.00
# Visual Studio Version 16
VisualStudioVersion = 16.0.31229.75
MinimumVisualStudioVersion = 10.0.40219.1
Project("{FAE04EC0-301F-11D3-BF4B-00C04F79EFBC}") = "DatabaseView", "DatabaseView\DatabaseView.csproj", "{0C840D13-1B25-4E00-9CB8-4E50CD57E435}"
EndProject
Global
	GlobalSection(SolutionConfigurationPlatforms) = preSolution
		Debug|Any CPU = Debug|Any CPU
		Release|Any CPU = Release|Any CPU
	EndGlobalSection
	GlobalSection(ProjectConfigurationPlatforms) = postSolution
		{0C840D13-1B25-4E00-9CB8-4E50CD57E435}.Debug|Any CPU.ActiveCfg = Debug|Any CPU
		{0C840D13-1B25-4E00-9CB8-4E50CD57E435}.Debug|Any CPU.Build.0 = Debug|Any CPU
		{0C840D13-1B25-4E00-9CB8-4E50CD57E435}.Release|Any CPU.ActiveCfg = Release|Any CPU
		{0C840D13-1B25-4E00-9CB8-4E50CD57E435}.Release|Any CPU.Build.0 = Release|Any CPU
	EndGlobalSection
	GlobalSection(SolutionProperties) = preSolution
		HideSolutionNode = FALSE
	EndGlobalSection
	GlobalSection(ExtensibilityGlobals) = postSolution
		SolutionGuid = {2E680191-9360-4D92-A89D-311A9121A98B}
	EndGlobalSection
EndGlobal
