
Microsoft Visual Studio Solution File, Format Version 12.00
# Visual Studio Version 16
VisualStudioVersion = 16.0.31229.75
MinimumVisualStudioVersion = 10.0.40219.1
Project("{FAE04EC0-301F-11D3-BF4B-00C04F79EFBC}") = "ST_DataView", "ST_DataView\ST_DataView.csproj", "{D48ED983-7E38-4230-8EBE-7990E6E2871D}"
EndProject
Global
	GlobalSection(SolutionConfigurationPlatforms) = preSolution
		Debug|Any CPU = Debug|Any CPU
		Release|Any CPU = Release|Any CPU
	EndGlobalSection
	GlobalSection(ProjectConfigurationPlatforms) = postSolution
		{D48ED983-7E38-4230-8EBE-7990E6E2871D}.Debug|Any CPU.ActiveCfg = Debug|Any CPU
		{D48ED983-7E38-4230-8EBE-7990E6E2871D}.Debug|Any CPU.Build.0 = Debug|Any CPU
		{D48ED983-7E38-4230-8EBE-7990E6E2871D}.Release|Any CPU.ActiveCfg = Release|Any CPU
		{D48ED983-7E38-4230-8EBE-7990E6E2871D}.Release|Any CPU.Build.0 = Release|Any CPU
	EndGlobalSection
	GlobalSection(SolutionProperties) = preSolution
		HideSolutionNode = FALSE
	EndGlobalSection
	GlobalSection(ExtensibilityGlobals) = postSolution
		SolutionGuid = {E48F63AC-8C47-498E-97FD-03B6F987CF25}
	EndGlobalSection
EndGlobal
