
Microsoft Visual Studio Solution File, Format Version 12.00
# Visual Studio Express 2012 for Windows Desktop
Project("{FAE04EC0-301F-11D3-BF4B-00C04F79EFBC}") = "EICS_MIK", "EICS_MIK\EICS_MIK.csproj", "{F6D664F5-0C2C-47CC-A360-5B61DCF9CB1D}"
EndProject
Global
	GlobalSection(SolutionConfigurationPlatforms) = preSolution
		Debug|Any CPU = Debug|Any CPU
		Release|Any CPU = Release|Any CPU
	EndGlobalSection
	GlobalSection(ProjectConfigurationPlatforms) = postSolution
		{F6D664F5-0C2C-47CC-A360-5B61DCF9CB1D}.Debug|Any CPU.ActiveCfg = Debug|Any CPU
		{F6D664F5-0C2C-47CC-A360-5B61DCF9CB1D}.Debug|Any CPU.Build.0 = Debug|Any CPU
		{F6D664F5-0C2C-47CC-A360-5B61DCF9CB1D}.Release|Any CPU.ActiveCfg = Release|Any CPU
		{F6D664F5-0C2C-47CC-A360-5B61DCF9CB1D}.Release|Any CPU.Build.0 = Release|Any CPU
	EndGlobalSection
	GlobalSection(SolutionProperties) = preSolution
		HideSolutionNode = FALSE
	EndGlobalSection
EndGlobal
