
Microsoft Visual Studio Solution File, Format Version 12.00
# Visual Studio Version 16
VisualStudioVersion = 16.0.29326.143
MinimumVisualStudioVersion = 10.0.40219.1
Project("{FAE04EC0-301F-11D3-BF4B-00C04F79EFBC}") = "Rhesca_Collection", "Rhesca_Collection\Rhesca_Collection.csproj", "{93F00012-7DDC-4C61-B559-00B3CC8A87E6}"
EndProject
Global
	GlobalSection(SolutionConfigurationPlatforms) = preSolution
		Debug|Any CPU = Debug|Any CPU
		Release|Any CPU = Release|Any CPU
	EndGlobalSection
	GlobalSection(ProjectConfigurationPlatforms) = postSolution
		{93F00012-7DDC-4C61-B559-00B3CC8A87E6}.Debug|Any CPU.ActiveCfg = Debug|Any CPU
		{93F00012-7DDC-4C61-B559-00B3CC8A87E6}.Debug|Any CPU.Build.0 = Debug|Any CPU
		{93F00012-7DDC-4C61-B559-00B3CC8A87E6}.Release|Any CPU.ActiveCfg = Release|Any CPU
		{93F00012-7DDC-4C61-B559-00B3CC8A87E6}.Release|Any CPU.Build.0 = Release|Any CPU
	EndGlobalSection
	GlobalSection(SolutionProperties) = preSolution
		HideSolutionNode = FALSE
	EndGlobalSection
	GlobalSection(ExtensibilityGlobals) = postSolution
		SolutionGuid = {504C5F4E-338A-4AF8-A8A0-911941E13BE7}
	EndGlobalSection
EndGlobal
